
Microsoft Visual Studio Solution File, Format Version 12.00
# Visual Studio 15
VisualStudioVersion = 15.0.28010.2048
MinimumVisualStudioVersion = 10.0.40219.1
Project("{FAE04EC0-301F-11D3-BF4B-00C04F79EFBC}") = "Tweak-it", "Tweak-it\Tweak-it.csproj", "{46924833-ECB8-4AFA-BAA2-455325DD71BF}"
EndProject
Global
	GlobalSection(SolutionConfigurationPlatforms) = preSolution
		Debug|Any CPU = Debug|Any CPU
		Release|Any CPU = Release|Any CPU
	EndGlobalSection
	GlobalSection(ProjectConfigurationPlatforms) = postSolution
		{46924833-ECB8-4AFA-BAA2-455325DD71BF}.Debug|Any CPU.ActiveCfg = Debug|Any CPU
		{46924833-ECB8-4AFA-BAA2-455325DD71BF}.Debug|Any CPU.Build.0 = Debug|Any CPU
		{46924833-ECB8-4AFA-BAA2-455325DD71BF}.Release|Any CPU.ActiveCfg = Release|Any CPU
		{46924833-ECB8-4AFA-BAA2-455325DD71BF}.Release|Any CPU.Build.0 = Release|Any CPU
	EndGlobalSection
	GlobalSection(SolutionProperties) = preSolution
		HideSolutionNode = FALSE
	EndGlobalSection
	GlobalSection(ExtensibilityGlobals) = postSolution
		SolutionGuid = {D2D8EAFE-C6AA-4E87-9093-F206DD41BEB9}
	EndGlobalSection
EndGlobal
